
Microsoft Visual Studio Solution File, Format Version 12.00
# Visual Studio Version 17
VisualStudioVersion = 17.0.32002.185
MinimumVisualStudioVersion = 10.0.40219.1
Project("{FAE04EC0-301F-11D3-BF4B-00C04F79EFBC}") = "LinkedListPractical", "LinkedListPractical\LinkedListPractical.csproj", "{A6BD1A28-E127-4BB8-8114-79084912C3E3}"
EndProject
Project("{FAE04EC0-301F-11D3-BF4B-00C04F79EFBC}") = "YoutubeChallenge", "YoutubeChallenge\YoutubeChallenge.csproj", "{C8825EA4-FE00-4E9B-9CE9-7116B15751FC}"
EndProject
Global
	GlobalSection(SolutionConfigurationPlatforms) = preSolution
		Debug|Any CPU = Debug|Any CPU
		Release|Any CPU = Release|Any CPU
	EndGlobalSection
	GlobalSection(ProjectConfigurationPlatforms) = postSolution
		{A6BD1A28-E127-4BB8-8114-79084912C3E3}.Debug|Any CPU.ActiveCfg = Debug|Any CPU
		{A6BD1A28-E127-4BB8-8114-79084912C3E3}.Debug|Any CPU.Build.0 = Debug|Any CPU
		{A6BD1A28-E127-4BB8-8114-79084912C3E3}.Release|Any CPU.ActiveCfg = Release|Any CPU
		{A6BD1A28-E127-4BB8-8114-79084912C3E3}.Release|Any CPU.Build.0 = Release|Any CPU
		{C8825EA4-FE00-4E9B-9CE9-7116B15751FC}.Debug|Any CPU.ActiveCfg = Debug|Any CPU
		{C8825EA4-FE00-4E9B-9CE9-7116B15751FC}.Debug|Any CPU.Build.0 = Debug|Any CPU
		{C8825EA4-FE00-4E9B-9CE9-7116B15751FC}.Release|Any CPU.ActiveCfg = Release|Any CPU
		{C8825EA4-FE00-4E9B-9CE9-7116B15751FC}.Release|Any CPU.Build.0 = Release|Any CPU
	EndGlobalSection
	GlobalSection(SolutionProperties) = preSolution
		HideSolutionNode = FALSE
	EndGlobalSection
	GlobalSection(ExtensibilityGlobals) = postSolution
		SolutionGuid = {A9BF143B-423F-4CEF-87A9-124EEDC97573}
	EndGlobalSection
EndGlobal
